{
  "name": "demu",
  "version": "0.0.0",
  "lockfileVersion": 1,
  "dependencies": {
    "@types/chalk": {
      "version": "0.4.31",
      "resolved": "https://registry.npmjs.org/@types/chalk/-/chalk-0.4.31.tgz",
      "integrity": "sha1-ox10JBprHtu5c8822XooloNKUfk=",
      "dev": true
    },
    "@types/inflection": {
      "version": "1.5.28",
      "resolved": "https://registry.npmjs.org/@types/inflection/-/inflection-1.5.28.tgz",
      "integrity": "sha1-Q9VeDXLPMzot/9nE7AQHRVobCTE=",
      "dev": true
    },
    "@types/node": {
      "version": "8.0.7",
      "resolved": "https://registry.npmjs.org/@types/node/-/node-8.0.7.tgz",
      "integrity": "sha512-fuCPLPe4yY0nv6Z1rTLFCEC452jl0k7i3gF/c8hdEKpYtEpt6Sk67hTGbxx8C0wmifFGPvKYd/O8CvS6dpgxMQ==",
      "dev": true
    },
    "@types/shelljs": {
      "version": "0.7.2",
      "resolved": "https://registry.npmjs.org/@types/shelljs/-/shelljs-0.7.2.tgz",
      "integrity": "sha512-NanpA4ybcKXr32Zg7sgHvOfir/AeoOdN7+8TpnWueHkmPhVZLSPWU4LLl7y7d2FG08jaxE18HZjlATjttmjHCQ==",
      "dev": true
    },
    "ansi": {
      "version": "0.3.1",
      "resolved": "https://registry.npmjs.org/ansi/-/ansi-0.3.1.tgz",
      "integrity": "sha1-DELU+xcWDVqa8eSEus4cZpIsGyE="
    },
    "ansi-regex": {
      "version": "2.1.1",
      "resolved": "https://registry.npmjs.org/ansi-regex/-/ansi-regex-2.1.1.tgz",
      "integrity": "sha1-w7M6te42DYbg5ijwRorn7yfWVN8="
    },
    "are-we-there-yet": {
      "version": "1.1.4",
      "resolved": "https://registry.npmjs.org/are-we-there-yet/-/are-we-there-yet-1.1.4.tgz",
      "integrity": "sha1-u13KOCu5TwXhUZQ3PRb9O6HKEQ0="
    },
    "arrify": {
      "version": "1.0.1",
      "resolved": "https://registry.npmjs.org/arrify/-/arrify-1.0.1.tgz",
      "integrity": "sha1-iYUI2iIm84DfkEcoRWhJwVAaSw0="
    },
    "balanced-match": {
      "version": "1.0.0",
      "resolved": "https://registry.npmjs.org/balanced-match/-/balanced-match-1.0.0.tgz",
      "integrity": "sha1-ibTRmasr7kneFk6gK4nORi1xt2c="
    },
    "bluebird": {
      "version": "3.5.0",
      "resolved": "https://registry.npmjs.org/bluebird/-/bluebird-3.5.0.tgz",
      "integrity": "sha1-eRQg1/VR7qKJdFOop3ZT+WYG1nw="
    },
    "brace-expansion": {
      "version": "1.1.8",
      "resolved": "https://registry.npmjs.org/brace-expansion/-/brace-expansion-1.1.8.tgz",
      "integrity": "sha1-wHshHHyVLsH479Uad+8NHTmQopI="
    },
    "caporal": {
      "version": "0.7.0",
      "resolved": "https://registry.npmjs.org/caporal/-/caporal-0.7.0.tgz",
      "integrity": "sha512-8F1WjLnwN9BbGKz9h91m58nkoOFPbCSJAzY9cr5BWp/TOsNdC0XRiHgN7U/f1sC0peuVPKrMXwd22gZWHyQSJw=="
    },
    "chalk": {
      "version": "2.0.1",
      "resolved": "https://registry.npmjs.org/chalk/-/chalk-2.0.1.tgz",
      "integrity": "sha512-Mp+FXEI+FrwY/XYV45b2YD3E8i3HwnEAoFcM0qlZzq/RZ9RwWitt2Y/c7cqRAz70U7hfekqx6qNYthuKFO6K0g==",
      "dependencies": {
        "ansi-styles": {
          "version": "3.1.0",
          "resolved": "https://registry.npmjs.org/ansi-styles/-/ansi-styles-3.1.0.tgz",
          "integrity": "sha1-CcIC1ckX7CMYjKpcnLkXnNlUd1A="
        },
        "supports-color": {
          "version": "4.1.0",
          "resolved": "https://registry.npmjs.org/supports-color/-/supports-color-4.1.0.tgz",
          "integrity": "sha1-kswUuz2tiSjKVlbDPhmhnyCvXHo="
        }
      }
    },
    "child-process-promise": {
      "version": "2.2.1",
      "resolved": "https://registry.npmjs.org/child-process-promise/-/child-process-promise-2.2.1.tgz",
      "integrity": "sha1-RzChHvYQ+tRQuPIjx50x172tgHQ="
    },
    "cli-table2": {
      "version": "0.2.0",
      "resolved": "https://registry.npmjs.org/cli-table2/-/cli-table2-0.2.0.tgz",
      "integrity": "sha1-LR738hig54biFFQFYtS9F3/jLZc=",
      "dependencies": {
        "is-fullwidth-code-point": {
          "version": "1.0.0",
          "resolved": "https://registry.npmjs.org/is-fullwidth-code-point/-/is-fullwidth-code-point-1.0.0.tgz",
          "integrity": "sha1-754xOG8DGn8NZDr4L95QxFfvAMs="
        },
        "lodash": {
          "version": "3.10.1",
          "resolved": "https://registry.npmjs.org/lodash/-/lodash-3.10.1.tgz",
          "integrity": "sha1-W/Rejkm6QYnhfUgnid/RW9FAt7Y="
        },
        "string-width": {
          "version": "1.0.2",
          "resolved": "https://registry.npmjs.org/string-width/-/string-width-1.0.2.tgz",
          "integrity": "sha1-EYvfW4zcUaKn5w0hHgfisLmxB9M="
        }
      }
    },
    "cli-width": {
      "version": "2.1.0",
      "resolved": "https://registry.npmjs.org/cli-width/-/cli-width-2.1.0.tgz",
      "integrity": "sha1-sjTKIJsp72b8UY2bmNWEewDt8Ao="
    },
    "code-point-at": {
      "version": "1.1.0",
      "resolved": "https://registry.npmjs.org/code-point-at/-/code-point-at-1.1.0.tgz",
      "integrity": "sha1-DQcLTQQ6W+ozovGkDi7bPZpMz3c="
    },
    "color-convert": {
      "version": "1.9.0",
      "resolved": "https://registry.npmjs.org/color-convert/-/color-convert-1.9.0.tgz",
      "integrity": "sha1-Gsz5fdc5uYO/mU1W/sj5WFNkG3o="
    },
    "color-name": {
      "version": "1.1.2",
      "resolved": "https://registry.npmjs.org/color-name/-/color-name-1.1.2.tgz",
      "integrity": "sha1-XIq3K2S9IhXWF66VWeuxSEdc+Y0="
    },
    "colors": {
      "version": "1.1.2",
      "resolved": "https://registry.npmjs.org/colors/-/colors-1.1.2.tgz",
      "integrity": "sha1-FopHAXVran9RoSzgyXv6KMCE7WM="
    },
    "concat-map": {
      "version": "0.0.1",
      "resolved": "https://registry.npmjs.org/concat-map/-/concat-map-0.0.1.tgz",
      "integrity": "sha1-2Klr13/Wjfd5OnMDajug1UBdR3s="
    },
    "concat-stream": {
      "version": "1.6.0",
      "resolved": "https://registry.npmjs.org/concat-stream/-/concat-stream-1.6.0.tgz",
      "integrity": "sha1-CqxmL9Ur54lk1VMvaUeE5wEQrPc="
    },
    "core-util-is": {
      "version": "1.0.2",
      "resolved": "https://registry.npmjs.org/core-util-is/-/core-util-is-1.0.2.tgz",
      "integrity": "sha1-tf1UIgqivFq1eqtxQMlAdUUDwac="
    },
    "cross-spawn": {
      "version": "4.0.2",
      "resolved": "https://registry.npmjs.org/cross-spawn/-/cross-spawn-4.0.2.tgz",
      "integrity": "sha1-e5JHYhwjrf3ThWAEqCPL45dCTUE="
    },
    "cycle": {
      "version": "1.0.3",
      "resolved": "https://registry.npmjs.org/cycle/-/cycle-1.0.3.tgz",
      "integrity": "sha1-IegLK+hYD5i0aPN5QwZisEbDStI="
    },
    "debug": {
      "version": "2.6.8",
      "resolved": "https://registry.npmjs.org/debug/-/debug-2.6.8.tgz",
      "integrity": "sha1-5zFTHKLt4n0YgiJCfaF4IdaP9Pw="
    },
    "delegates": {
      "version": "1.0.0",
      "resolved": "https://registry.npmjs.org/delegates/-/delegates-1.0.0.tgz",
      "integrity": "sha1-hMbhWbgZBP3KWaDvRM2HDTElD5o="
    },
    "escape-string-regexp": {
      "version": "1.0.5",
      "resolved": "https://registry.npmjs.org/escape-string-regexp/-/escape-string-regexp-1.0.5.tgz",
      "integrity": "sha1-G2HAViGQqN/2rjuyzwIAyhMLhtQ="
    },
    "exit-hook": {
      "version": "1.1.1",
      "resolved": "https://registry.npmjs.org/exit-hook/-/exit-hook-1.1.1.tgz",
      "integrity": "sha1-8FyiM7SMBdVP/wd2XfhQfpXAL/g="
    },
    "extend": {
      "version": "3.0.1",
      "resolved": "https://registry.npmjs.org/extend/-/extend-3.0.1.tgz",
      "integrity": "sha1-p1Xqe8Gt/MWjHOfnYtuq3F5jZEQ="
    },
    "eyes": {
      "version": "0.1.8",
      "resolved": "https://registry.npmjs.org/eyes/-/eyes-0.1.8.tgz",
      "integrity": "sha1-Ys8SAjTGg3hdkCNIqADvPgzCC8A="
    },
    "fast-levenshtein": {
      "version": "2.0.6",
      "resolved": "https://registry.npmjs.org/fast-levenshtein/-/fast-levenshtein-2.0.6.tgz",
      "integrity": "sha1-PYpcZog6FqMMqGQ+hR8Zuqd5eRc="
    },
    "fs.realpath": {
      "version": "1.0.0",
      "resolved": "https://registry.npmjs.org/fs.realpath/-/fs.realpath-1.0.0.tgz",
      "integrity": "sha1-FQStJSMVjKpA20onh8sBQRmU6k8="
    },
    "gauge": {
      "version": "1.2.7",
      "resolved": "https://registry.npmjs.org/gauge/-/gauge-1.2.7.tgz",
      "integrity": "sha1-6c7FSD09TuDvRLYKfZnkk14TbZM="
    },
    "glob": {
      "version": "7.1.2",
      "resolved": "https://registry.npmjs.org/glob/-/glob-7.1.2.tgz",
      "integrity": "sha512-MJTUg1kjuLeQCJ+ccE4Vpa6kKVXkPYJ2mOCQyUuKLcLQsdrMCpBPUi8qVE6+YuaJkozeA9NusTAw3hLr8Xe5EQ=="
    },
    "has-flag": {
      "version": "2.0.0",
      "resolved": "https://registry.npmjs.org/has-flag/-/has-flag-2.0.0.tgz",
      "integrity": "sha1-6CB68cx7MNRGzHC3NLXovhj4jVE="
    },
    "has-unicode": {
      "version": "2.0.1",
      "resolved": "https://registry.npmjs.org/has-unicode/-/has-unicode-2.0.1.tgz",
      "integrity": "sha1-4Ob+aijPUROIVeCG0Wkedx3iqLk="
    },
    "inflection": {
      "version": "1.12.0",
      "resolved": "https://registry.npmjs.org/inflection/-/inflection-1.12.0.tgz",
      "integrity": "sha1-ogCTVlbW9fa8TcdQLhrstwMihBY="
    },
    "inflight": {
      "version": "1.0.6",
      "resolved": "https://registry.npmjs.org/inflight/-/inflight-1.0.6.tgz",
      "integrity": "sha1-Sb1jMdfQLQwJvJEKEHW6gWW1bfk="
    },
    "inherits": {
      "version": "2.0.3",
      "resolved": "https://registry.npmjs.org/inherits/-/inherits-2.0.3.tgz",
      "integrity": "sha1-Yzwsg+PaQqUC9SRmAiSA9CCCYd4="
    },
    "interpret": {
      "version": "1.0.3",
      "resolved": "https://registry.npmjs.org/interpret/-/interpret-1.0.3.tgz",
      "integrity": "sha1-y8NcYu7uc/Gat7EKgBURQBr8D5A="
    },
    "is-promise": {
      "version": "2.1.0",
      "resolved": "https://registry.npmjs.org/is-promise/-/is-promise-2.1.0.tgz",
      "integrity": "sha1-eaKp7OfwlugPNtKy87wWwf9L8/o="
    },
    "isarray": {
      "version": "1.0.0",
      "resolved": "https://registry.npmjs.org/isarray/-/isarray-1.0.0.tgz",
      "integrity": "sha1-u5NdSFgsuhaMBoNJV6VKPgcSTxE="
    },
    "isexe": {
      "version": "2.0.0",
      "resolved": "https://registry.npmjs.org/isexe/-/isexe-2.0.0.tgz",
      "integrity": "sha1-6PvzdNxVb/iUehDcsFctYz8s+hA="
    },
    "isstream": {
      "version": "0.1.2",
      "resolved": "https://registry.npmjs.org/isstream/-/isstream-0.1.2.tgz",
      "integrity": "sha1-R+Y/evVa+m+S4VAOaQ64uFKcCZo="
    },
    "lodash": {
      "version": "4.17.4",
      "resolved": "https://registry.npmjs.org/lodash/-/lodash-4.17.4.tgz",
      "integrity": "sha1-eCA6TRwyiuHYbcpkYONptX9AVa4="
    },
    "lodash.camelcase": {
      "version": "4.3.0",
      "resolved": "https://registry.npmjs.org/lodash.camelcase/-/lodash.camelcase-4.3.0.tgz",
      "integrity": "sha1-soqmKIorn8ZRA1x3EfZathkDMaY="
    },
    "lodash.difference": {
      "version": "4.5.0",
      "resolved": "https://registry.npmjs.org/lodash.difference/-/lodash.difference-4.5.0.tgz",
      "integrity": "sha1-nMtOUF1Ia5FlE0V3KIWi3yf9AXw="
    },
    "lodash.pad": {
      "version": "4.5.1",
      "resolved": "https://registry.npmjs.org/lodash.pad/-/lodash.pad-4.5.1.tgz",
      "integrity": "sha1-QzCUmoM6fI2iLMIPaibE1Z3runA="
    },
    "lodash.padend": {
      "version": "4.6.1",
      "resolved": "https://registry.npmjs.org/lodash.padend/-/lodash.padend-4.6.1.tgz",
      "integrity": "sha1-U8y6BH0G4VjTEfRdpiX05J5vFm4="
    },
    "lodash.padstart": {
      "version": "4.6.1",
      "resolved": "https://registry.npmjs.org/lodash.padstart/-/lodash.padstart-4.6.1.tgz",
      "integrity": "sha1-0uPuv/DZ05rVD1y9G1KnvOa7YRs="
    },
    "lodash.uniq": {
      "version": "4.5.0",
      "resolved": "https://registry.npmjs.org/lodash.uniq/-/lodash.uniq-4.5.0.tgz",
      "integrity": "sha1-0CJTc662Uq3BvILklFM5qEJ1R3M="
    },
    "lru-cache": {
      "version": "4.1.1",
      "resolved": "https://registry.npmjs.org/lru-cache/-/lru-cache-4.1.1.tgz",
      "integrity": "sha512-q4spe4KTfsAS1SUHLO0wz8Qiyf1+vMIAgpRYioFYDMNqKfHQbg+AVDH3i4fvpl71/P1L0dBl+fQi+P37UYf0ew=="
    },
    "micromist": {
      "version": "1.0.2",
      "resolved": "https://registry.npmjs.org/micromist/-/micromist-1.0.2.tgz",
      "integrity": "sha1-QfhJSaBMMM3GCjlNDLBqqgi4Y2Q="
    },
    "minimatch": {
      "version": "3.0.4",
      "resolved": "https://registry.npmjs.org/minimatch/-/minimatch-3.0.4.tgz",
      "integrity": "sha512-yJHVQEhyqPLUTgt9B83PXu6W3rx4MvvHvSUvToogpwoGDOUQ+yDrR0HRot+yOCdCO7u4hX3pWft6kWBBcqh0UA=="
    },
    "minimist": {
      "version": "0.0.8",
      "resolved": "https://registry.npmjs.org/minimist/-/minimist-0.0.8.tgz",
      "integrity": "sha1-hX/Kv8M5fSYluCKCYuhqp6ARsF0="
    },
    "mkdirp": {
      "version": "0.5.1",
      "resolved": "https://registry.npmjs.org/mkdirp/-/mkdirp-0.5.1.tgz",
      "integrity": "sha1-MAV0OOrGz3+MR2fzhkjWaX11yQM="
    },
    "ms": {
      "version": "2.0.0",
      "resolved": "https://registry.npmjs.org/ms/-/ms-2.0.0.tgz",
      "integrity": "sha1-VgiurfwAvmwpAd9fmGF4jeDVl8g="
    },
    "node-version": {
      "version": "1.0.0",
      "resolved": "https://registry.npmjs.org/node-version/-/node-version-1.0.0.tgz",
      "integrity": "sha1-G5uVhKmn96YSPyFc0UplK/IasZ4="
    },
    "npmlog": {
      "version": "2.0.4",
      "resolved": "https://registry.npmjs.org/npmlog/-/npmlog-2.0.4.tgz",
      "integrity": "sha1-mLUlMPJRTKkNCexbIsiEZyI3VpI="
    },
    "number-is-nan": {
      "version": "1.0.1",
      "resolved": "https://registry.npmjs.org/number-is-nan/-/number-is-nan-1.0.1.tgz",
      "integrity": "sha1-CXtgK1NCKlIsGvuHkDGDNpQaAR0="
    },
    "object-assign": {
      "version": "4.1.1",
      "resolved": "https://registry.npmjs.org/object-assign/-/object-assign-4.1.1.tgz",
      "integrity": "sha1-IQmtx5ZYh8/AXLvUQsrIv7s2CGM="
    },
    "once": {
      "version": "1.4.0",
      "resolved": "https://registry.npmjs.org/once/-/once-1.4.0.tgz",
      "integrity": "sha1-WDsap3WWHUsROsF9nFC6753Xa9E="
    },
    "os-shim": {
      "version": "0.1.3",
      "resolved": "https://registry.npmjs.org/os-shim/-/os-shim-0.1.3.tgz",
      "integrity": "sha1-a2LDeRz3kJ6jXtRuF2WLtBfLORc="
    },
    "os-tmpdir": {
      "version": "1.0.2",
      "resolved": "https://registry.npmjs.org/os-tmpdir/-/os-tmpdir-1.0.2.tgz",
      "integrity": "sha1-u+Z0BseaqFxc/sdm/lc0VV36EnQ="
    },
    "path-is-absolute": {
      "version": "1.0.1",
      "resolved": "https://registry.npmjs.org/path-is-absolute/-/path-is-absolute-1.0.1.tgz",
      "integrity": "sha1-F0uSaHNVNP+8es5r9TpanhtcX18="
    },
    "path-parse": {
      "version": "1.0.5",
      "resolved": "https://registry.npmjs.org/path-parse/-/path-parse-1.0.5.tgz",
      "integrity": "sha1-PBrfhx6pzWyUMbbqK9dKD/BVxME="
    },
    "pinkie": {
      "version": "2.0.4",
      "resolved": "https://registry.npmjs.org/pinkie/-/pinkie-2.0.4.tgz",
      "integrity": "sha1-clVrgM+g1IqXToDnckjoDtT3+HA="
    },
    "pinkie-promise": {
      "version": "2.0.1",
      "resolved": "https://registry.npmjs.org/pinkie-promise/-/pinkie-promise-2.0.1.tgz",
      "integrity": "sha1-ITXW36ejWMBprJsXh3YogihFD/o="
    },
    "prettyjson": {
      "version": "1.2.1",
      "resolved": "https://registry.npmjs.org/prettyjson/-/prettyjson-1.2.1.tgz",
      "integrity": "sha1-/P+rQdGcq0365eV15kJGYZsS0ok=",
      "dependencies": {
        "minimist": {
          "version": "1.2.0",
          "resolved": "https://registry.npmjs.org/minimist/-/minimist-1.2.0.tgz",
          "integrity": "sha1-o1AIsg9BOD7sH7kU9M1d95omQoQ="
        }
      }
    },
    "process-nextick-args": {
      "version": "1.0.7",
      "resolved": "https://registry.npmjs.org/process-nextick-args/-/process-nextick-args-1.0.7.tgz",
      "integrity": "sha1-FQ4gt1ZZCtP5EJPyWk8q2L/zC6M="
    },
    "promise-polyfill": {
      "version": "6.0.2",
      "resolved": "https://registry.npmjs.org/promise-polyfill/-/promise-polyfill-6.0.2.tgz",
      "integrity": "sha1-2chtPcTcLfkBboiUbe/Wm0m0EWI="
    },
    "pseudomap": {
      "version": "1.0.2",
      "resolved": "https://registry.npmjs.org/pseudomap/-/pseudomap-1.0.2.tgz",
      "integrity": "sha1-8FKijacOYYkX7wqKw0wa5aaChrM="
    },
    "readable-stream": {
      "version": "2.3.3",
      "resolved": "https://registry.npmjs.org/readable-stream/-/readable-stream-2.3.3.tgz",
      "integrity": "sha512-m+qzzcn7KUxEmd1gMbchF+Y2eIUbieUaxkWtptyHywrX0rE8QEYqPC07Vuy4Wm32/xE16NcdBctb8S0Xe/5IeQ=="
    },
    "rechoir": {
      "version": "0.6.2",
      "resolved": "https://registry.npmjs.org/rechoir/-/rechoir-0.6.2.tgz",
      "integrity": "sha1-hSBLVNuoLVdC4oyWdW70OvUOM4Q="
    },
    "resolve": {
      "version": "1.3.3",
      "resolved": "https://registry.npmjs.org/resolve/-/resolve-1.3.3.tgz",
      "integrity": "sha1-ZVkHw0aahoDcLeOidaj91paR8OU="
    },
    "run-async": {
      "version": "2.3.0",
      "resolved": "https://registry.npmjs.org/run-async/-/run-async-2.3.0.tgz",
      "integrity": "sha1-A3GrSuC91yDUFm19/aZP96RFpsA="
    },
    "rx": {
      "version": "4.1.0",
      "resolved": "https://registry.npmjs.org/rx/-/rx-4.1.0.tgz",
      "integrity": "sha1-pfE/957zt0D+MKqAP7CfmIBdR4I="
    },
    "safe-buffer": {
      "version": "5.1.1",
      "resolved": "https://registry.npmjs.org/safe-buffer/-/safe-buffer-5.1.1.tgz",
      "integrity": "sha512-kKvNJn6Mm93gAczWVJg7wH+wGYWNrDHdWvpUmHyEsgCtIwwo3bqPtV4tR5tuPaUhTOo/kvhVwd8XwwOllGYkbg=="
    },
    "shelljs": {
      "version": "github:shelljs/shelljs#4759e90147418eda76de89acbfd453699d9537e3"
    },
    "spawn-sync": {
      "version": "1.0.15",
      "resolved": "https://registry.npmjs.org/spawn-sync/-/spawn-sync-1.0.15.tgz",
      "integrity": "sha1-sAeZVX63+wyDdsKdROih6mfldHY="
    },
    "stack-trace": {
      "version": "0.0.10",
      "resolved": "https://registry.npmjs.org/stack-trace/-/stack-trace-0.0.10.tgz",
      "integrity": "sha1-VHxws0fo0ytOEI6hoqFZ5f3eGcA="
    },
    "string_decoder": {
      "version": "1.0.3",
      "resolved": "https://registry.npmjs.org/string_decoder/-/string_decoder-1.0.3.tgz",
      "integrity": "sha512-4AH6Z5fzNNBcH+6XDMfA/BTt87skxqJlO0lAh3Dker5zThcAxG6mKz+iGu308UKoPPQ8Dcqx/4JhujzltRa+hQ=="
    },
    "strip-ansi": {
      "version": "3.0.1",
      "resolved": "https://registry.npmjs.org/strip-ansi/-/strip-ansi-3.0.1.tgz",
      "integrity": "sha1-ajhfuIU9lS1f8F0Oiq+UJ43GPc8="
    },
    "tabtab": {
      "version": "2.2.2",
      "resolved": "https://registry.npmjs.org/tabtab/-/tabtab-2.2.2.tgz",
      "integrity": "sha1-egR/FDsBC0y9MfhX6ClhUSy/ThQ=",
      "dependencies": {
        "ansi-escapes": {
          "version": "1.4.0",
          "resolved": "https://registry.npmjs.org/ansi-escapes/-/ansi-escapes-1.4.0.tgz",
          "integrity": "sha1-06ioOzGapneTZisT52HHkRQiMG4="
        },
        "cli-cursor": {
          "version": "1.0.2",
          "resolved": "https://registry.npmjs.org/cli-cursor/-/cli-cursor-1.0.2.tgz",
          "integrity": "sha1-ZNo/fValRBLll5S9Ytw1KV6PKYc="
        },
        "external-editor": {
          "version": "1.1.1",
          "resolved": "https://registry.npmjs.org/external-editor/-/external-editor-1.1.1.tgz",
          "integrity": "sha1-Etew24UPf/fnCBuvQAVwAGDEYAs="
        },
        "figures": {
          "version": "1.7.0",
          "resolved": "https://registry.npmjs.org/figures/-/figures-1.7.0.tgz",
          "integrity": "sha1-y+Hjr/zxzUS4DK3+0o3Hk6lwHS4="
        },
        "inquirer": {
          "version": "1.2.3",
          "resolved": "https://registry.npmjs.org/inquirer/-/inquirer-1.2.3.tgz",
          "integrity": "sha1-TexvMvN+97sLLtPx0aXD9UUHSRg="
        },
        "is-fullwidth-code-point": {
          "version": "1.0.0",
          "resolved": "https://registry.npmjs.org/is-fullwidth-code-point/-/is-fullwidth-code-point-1.0.0.tgz",
          "integrity": "sha1-754xOG8DGn8NZDr4L95QxFfvAMs="
        },
        "minimist": {
          "version": "1.2.0",
          "resolved": "https://registry.npmjs.org/minimist/-/minimist-1.2.0.tgz",
          "integrity": "sha1-o1AIsg9BOD7sH7kU9M1d95omQoQ="
        },
        "mute-stream": {
          "version": "0.0.6",
          "resolved": "https://registry.npmjs.org/mute-stream/-/mute-stream-0.0.6.tgz",
          "integrity": "sha1-SJYrGeFp/R38JAs/HnMXYnu8R9s="
        },
        "onetime": {
          "version": "1.1.0",
          "resolved": "https://registry.npmjs.org/onetime/-/onetime-1.1.0.tgz",
          "integrity": "sha1-ofeDj4MUxRbwXs78vEzP4EtO14k="
        },
        "restore-cursor": {
          "version": "1.0.1",
          "resolved": "https://registry.npmjs.org/restore-cursor/-/restore-cursor-1.0.1.tgz",
          "integrity": "sha1-NGYfRohjJ/7SmRR5FSJS35LapUE="
        },
        "string-width": {
          "version": "1.0.2",
          "resolved": "https://registry.npmjs.org/string-width/-/string-width-1.0.2.tgz",
          "integrity": "sha1-EYvfW4zcUaKn5w0hHgfisLmxB9M="
        },
        "tmp": {
          "version": "0.0.29",
          "resolved": "https://registry.npmjs.org/tmp/-/tmp-0.0.29.tgz",
          "integrity": "sha1-8lEl/w3Z2jzLDC3Tce4SiLuRKMA="
        }
      }
    },
    "through": {
      "version": "2.3.8",
      "resolved": "https://registry.npmjs.org/through/-/through-2.3.8.tgz",
      "integrity": "sha1-DdTJ/6q8NXlgsbckEV1+Doai4fU="
    },
    "typedarray": {
      "version": "0.0.6",
      "resolved": "https://registry.npmjs.org/typedarray/-/typedarray-0.0.6.tgz",
      "integrity": "sha1-hnrHTjhkGHsdPUfZlqeOxciDB3c="
    },
    "util-deprecate": {
      "version": "1.0.2",
      "resolved": "https://registry.npmjs.org/util-deprecate/-/util-deprecate-1.0.2.tgz",
      "integrity": "sha1-RQ1Nyfpw3nMnYvvS1KKJgUGaDM8="
    },
    "which": {
      "version": "1.2.14",
      "resolved": "https://registry.npmjs.org/which/-/which-1.2.14.tgz",
      "integrity": "sha1-mofEN48D6CfOyvGs31bHNsAcFOU="
    },
    "winston": {
      "version": "2.3.1",
      "resolved": "https://registry.npmjs.org/winston/-/winston-2.3.1.tgz",
      "integrity": "sha1-C0hCDZeMAYBM8CMLZIhhWYIloRk=",
      "dependencies": {
        "async": {
          "version": "1.0.0",
          "resolved": "https://registry.npmjs.org/async/-/async-1.0.0.tgz",
          "integrity": "sha1-+PwEyjoTeErenhZBr5hXjPvWR6k="
        },
        "colors": {
          "version": "1.0.3",
          "resolved": "https://registry.npmjs.org/colors/-/colors-1.0.3.tgz",
          "integrity": "sha1-BDP0TYCWgP3rYO0mDxsMJi6CpAs="
        }
      }
    },
    "wrappy": {
      "version": "1.0.2",
      "resolved": "https://registry.npmjs.org/wrappy/-/wrappy-1.0.2.tgz",
      "integrity": "sha1-tSQ9jz7BqjXxNkYFvA0QNuMKtp8="
    },
    "yallist": {
      "version": "2.1.2",
      "resolved": "https://registry.npmjs.org/yallist/-/yallist-2.1.2.tgz",
      "integrity": "sha1-HBH5IY8HYImkfdUS+TxmmaaoHVI="
    }
  }
}
